
Microsoft Visual Studio Solution File, Format Version 12.00
# Visual Studio 14
VisualStudioVersion = 14.0.25123.0
MinimumVisualStudioVersion = 10.0.40219.1
Project("{FAE04EC0-301F-11D3-BF4B-00C04F79EFBC}") = "BitRipple", "BitRipple\BitRipple.csproj", "{62528F02-ECE2-4823-A704-13F5B52311F2}"
EndProject
Project("{FAE04EC0-301F-11D3-BF4B-00C04F79EFBC}") = "Tests", "Tests\Tests.csproj", "{8EF586DB-4144-4232-AFC9-9B8C7C73ABD6}"
EndProject
Project("{FAE04EC0-301F-11D3-BF4B-00C04F79EFBC}") = "Models", "Models\Models.csproj", "{EA581DC9-D43A-4E1D-A289-DF6CF1E6C263}"
EndProject
Project("{FAE04EC0-301F-11D3-BF4B-00C04F79EFBC}") = "InsertFilter", "InsertFilter\InsertFilter.csproj", "{65CC5473-9EBC-49E6-966C-93C7A5FCBA7C}"
EndProject
Project("{FAE04EC0-301F-11D3-BF4B-00C04F79EFBC}") = "InsertFeed", "InsertFeed\InsertFeed.csproj", "{F1447D26-BF25-4E9E-8050-0A6A26BCEBA3}"
EndProject
Project("{FAE04EC0-301F-11D3-BF4B-00C04F79EFBC}") = "ReleaseBuildEventHandler", "ReleaseBuildEventHandler\ReleaseBuildEventHandler.csproj", "{CBC5AED1-CF67-40DA-B9F8-407D1150DA16}"
EndProject
Project("{FAE04EC0-301F-11D3-BF4B-00C04F79EFBC}") = "Repository", "Repository\Repository.csproj", "{BD211539-1E17-4875-A6A4-EC37F99A2055}"
EndProject
Project("{FAE04EC0-301F-11D3-BF4B-00C04F79EFBC}") = "ChooseLocation", "ChooseLocation\ChooseLocation.csproj", "{C95650F8-5BAC-4122-A093-C68CC2AF222F}"
EndProject
Global
	GlobalSection(SolutionConfigurationPlatforms) = preSolution
		Debug|Any CPU = Debug|Any CPU
		Release|Any CPU = Release|Any CPU
	EndGlobalSection
	GlobalSection(ProjectConfigurationPlatforms) = postSolution
		{62528F02-ECE2-4823-A704-13F5B52311F2}.Debug|Any CPU.ActiveCfg = Debug|Any CPU
		{62528F02-ECE2-4823-A704-13F5B52311F2}.Debug|Any CPU.Build.0 = Debug|Any CPU
		{62528F02-ECE2-4823-A704-13F5B52311F2}.Release|Any CPU.ActiveCfg = Release|Any CPU
		{62528F02-ECE2-4823-A704-13F5B52311F2}.Release|Any CPU.Build.0 = Release|Any CPU
		{8EF586DB-4144-4232-AFC9-9B8C7C73ABD6}.Debug|Any CPU.ActiveCfg = Debug|Any CPU
		{8EF586DB-4144-4232-AFC9-9B8C7C73ABD6}.Debug|Any CPU.Build.0 = Debug|Any CPU
		{8EF586DB-4144-4232-AFC9-9B8C7C73ABD6}.Release|Any CPU.ActiveCfg = Release|Any CPU
		{EA581DC9-D43A-4E1D-A289-DF6CF1E6C263}.Debug|Any CPU.ActiveCfg = Debug|Any CPU
		{EA581DC9-D43A-4E1D-A289-DF6CF1E6C263}.Debug|Any CPU.Build.0 = Debug|Any CPU
		{EA581DC9-D43A-4E1D-A289-DF6CF1E6C263}.Release|Any CPU.ActiveCfg = Release|Any CPU
		{EA581DC9-D43A-4E1D-A289-DF6CF1E6C263}.Release|Any CPU.Build.0 = Release|Any CPU
		{65CC5473-9EBC-49E6-966C-93C7A5FCBA7C}.Debug|Any CPU.ActiveCfg = Debug|Any CPU
		{65CC5473-9EBC-49E6-966C-93C7A5FCBA7C}.Debug|Any CPU.Build.0 = Debug|Any CPU
		{65CC5473-9EBC-49E6-966C-93C7A5FCBA7C}.Release|Any CPU.ActiveCfg = Release|Any CPU
		{65CC5473-9EBC-49E6-966C-93C7A5FCBA7C}.Release|Any CPU.Build.0 = Release|Any CPU
		{F1447D26-BF25-4E9E-8050-0A6A26BCEBA3}.Debug|Any CPU.ActiveCfg = Debug|Any CPU
		{F1447D26-BF25-4E9E-8050-0A6A26BCEBA3}.Debug|Any CPU.Build.0 = Debug|Any CPU
		{F1447D26-BF25-4E9E-8050-0A6A26BCEBA3}.Release|Any CPU.ActiveCfg = Release|Any CPU
		{F1447D26-BF25-4E9E-8050-0A6A26BCEBA3}.Release|Any CPU.Build.0 = Release|Any CPU
		{CBC5AED1-CF67-40DA-B9F8-407D1150DA16}.Debug|Any CPU.ActiveCfg = Debug|Any CPU
		{CBC5AED1-CF67-40DA-B9F8-407D1150DA16}.Release|Any CPU.ActiveCfg = Release|Any CPU
		{CBC5AED1-CF67-40DA-B9F8-407D1150DA16}.Release|Any CPU.Build.0 = Release|Any CPU
		{BD211539-1E17-4875-A6A4-EC37F99A2055}.Debug|Any CPU.ActiveCfg = Debug|Any CPU
		{BD211539-1E17-4875-A6A4-EC37F99A2055}.Debug|Any CPU.Build.0 = Debug|Any CPU
		{BD211539-1E17-4875-A6A4-EC37F99A2055}.Release|Any CPU.ActiveCfg = Release|Any CPU
		{BD211539-1E17-4875-A6A4-EC37F99A2055}.Release|Any CPU.Build.0 = Release|Any CPU
		{C95650F8-5BAC-4122-A093-C68CC2AF222F}.Debug|Any CPU.ActiveCfg = Debug|Any CPU
		{C95650F8-5BAC-4122-A093-C68CC2AF222F}.Debug|Any CPU.Build.0 = Debug|Any CPU
		{C95650F8-5BAC-4122-A093-C68CC2AF222F}.Release|Any CPU.ActiveCfg = Release|Any CPU
		{C95650F8-5BAC-4122-A093-C68CC2AF222F}.Release|Any CPU.Build.0 = Release|Any CPU
	EndGlobalSection
	GlobalSection(SolutionProperties) = preSolution
		HideSolutionNode = FALSE
	EndGlobalSection
EndGlobal
