
Microsoft Visual Studio Solution File, Format Version 12.00
# Visual Studio 14
VisualStudioVersion = 14.0.25123.0
MinimumVisualStudioVersion = 10.0.40219.1
Project("{FAE04EC0-301F-11D3-BF4B-00C04F79EFBC}") = "BitRippleClient", "BitRippleClient\BitRippleClient.csproj", "{62528F02-ECE2-4823-A704-13F5B52311F2}"
EndProject
Project("{FAE04EC0-301F-11D3-BF4B-00C04F79EFBC}") = "BitRippleServiceTests", "BitRippleServiceTests\BitRippleServiceTests.csproj", "{8EF586DB-4144-4232-AFC9-9B8C7C73ABD6}"
EndProject
Project("{FAE04EC0-301F-11D3-BF4B-00C04F79EFBC}") = "BitRippleReleaseEvents", "BitRippleReleaseEvents\BitRippleReleaseEvents.csproj", "{CBC5AED1-CF67-40DA-B9F8-407D1150DA16}"
EndProject
Project("{FAE04EC0-301F-11D3-BF4B-00C04F79EFBC}") = "BitRippleService", "BitRippleService\BitRippleService.csproj", "{CEB5F3E5-E464-4276-BB76-4F02FE19C1EA}"
EndProject
Global
	GlobalSection(SolutionConfigurationPlatforms) = preSolution
		Debug|Any CPU = Debug|Any CPU
		Release|Any CPU = Release|Any CPU
	EndGlobalSection
	GlobalSection(ProjectConfigurationPlatforms) = postSolution
		{62528F02-ECE2-4823-A704-13F5B52311F2}.Debug|Any CPU.ActiveCfg = Debug|Any CPU
		{62528F02-ECE2-4823-A704-13F5B52311F2}.Debug|Any CPU.Build.0 = Debug|Any CPU
		{62528F02-ECE2-4823-A704-13F5B52311F2}.Release|Any CPU.ActiveCfg = Release|Any CPU
		{62528F02-ECE2-4823-A704-13F5B52311F2}.Release|Any CPU.Build.0 = Release|Any CPU
		{8EF586DB-4144-4232-AFC9-9B8C7C73ABD6}.Debug|Any CPU.ActiveCfg = Debug|Any CPU
		{8EF586DB-4144-4232-AFC9-9B8C7C73ABD6}.Debug|Any CPU.Build.0 = Debug|Any CPU
		{8EF586DB-4144-4232-AFC9-9B8C7C73ABD6}.Release|Any CPU.ActiveCfg = Release|Any CPU
		{CBC5AED1-CF67-40DA-B9F8-407D1150DA16}.Debug|Any CPU.ActiveCfg = Debug|Any CPU
		{CBC5AED1-CF67-40DA-B9F8-407D1150DA16}.Release|Any CPU.ActiveCfg = Release|Any CPU
		{CBC5AED1-CF67-40DA-B9F8-407D1150DA16}.Release|Any CPU.Build.0 = Release|Any CPU
		{CEB5F3E5-E464-4276-BB76-4F02FE19C1EA}.Debug|Any CPU.ActiveCfg = Debug|Any CPU
		{CEB5F3E5-E464-4276-BB76-4F02FE19C1EA}.Debug|Any CPU.Build.0 = Debug|Any CPU
		{CEB5F3E5-E464-4276-BB76-4F02FE19C1EA}.Release|Any CPU.ActiveCfg = Release|Any CPU
		{CEB5F3E5-E464-4276-BB76-4F02FE19C1EA}.Release|Any CPU.Build.0 = Release|Any CPU
	EndGlobalSection
	GlobalSection(SolutionProperties) = preSolution
		HideSolutionNode = FALSE
	EndGlobalSection
EndGlobal
